<?xml version="1.0" encoding="utf-8"?>
<Project ToolsVersion="4.0" xmlns="http://schemas.microsoft.com/developer/msbuild/2003">
  <ItemGroup>
    <FxCompile Include="VSTransform.hlsl">
      <Filter>Shaders</Filter>
    </FxCompile>
    <FxCompile Include="PSSolid.hlsl">
      <Filter>Shaders</Filter>
    </FxCompile>
    <FxCompile Include="phong_diff_VS.hlsl">
      <Filter>Shaders</Filter>
    </FxCompile>
    <FxCompile Include="phong_diff_PS.hlsl">
      <Filter>Shaders</Filter>
    </FxCompile>
    <FxCompile Include="phong_diffnorm_VS.hlsl">
      <Filter>Shaders</Filter>
    </FxCompile>
    <FxCompile Include="phong_diffnorm_PS.hlsl">
      <Filter>Shaders</Filter>
    </FxCompile>
    <FxCompile Include="phong__PS.hlsl">
      <Filter>Shaders</Filter>
    </FxCompile>
    <FxCompile Include="phong__VS.hlsl">
      <Filter>Shaders</Filter>
    </FxCompile>
  </ItemGroup>
  <ItemGroup>
    <ClCompile Include="Window.cpp">
      <Filter>Source</Filter>
    </ClCompile>
    <ClCompile Include="Main.cpp">
      <Filter>Source</Filter>
    </ClCompile>
    <ClCompile Include="Graphics.cpp">
      <Filter>Source</Filter>
    </ClCompile>
    <ClCompile Include="Game.cpp">
      <Filter>Source</Filter>
    </ClCompile>
    <ClCompile Include="FrameTimer.cpp">
      <Filter>Source</Filter>
    </ClCompile>
    <ClCompile Include="BaseException.cpp">
      <Filter>Source</Filter>
    </ClCompile>
    <ClCompile Include="Drawable.cpp">
      <Filter>Source\Drawable</Filter>
    </ClCompile>
    <ClCompile Include="Bindable.cpp">
      <Filter>Source\Bindable</Filter>
    </ClCompile>
    <ClCompile Include="IndexBuffer.cpp">
      <Filter>Source\Bindable</Filter>
    </ClCompile>
    <ClCompile Include="InputLayout.cpp">
      <Filter>Source\Bindable</Filter>
    </ClCompile>
    <ClCompile Include="PixelShader.cpp">
      <Filter>Source\Bindable</Filter>
    </ClCompile>
    <ClCompile Include="Topology.cpp">
      <Filter>Source\Bindable</Filter>
    </ClCompile>
    <ClCompile Include="VertexBuffer.cpp">
      <Filter>Source\Bindable</Filter>
    </ClCompile>
    <ClCompile Include="VertexShader.cpp">
      <Filter>Source\Bindable</Filter>
    </ClCompile>
    <ClCompile Include="TransformationConstBuffer.cpp">
      <Filter>Source\Bindable</Filter>
    </ClCompile>
    <ClCompile Include="Cube.cpp">
      <Filter>Source\Drawable</Filter>
    </ClCompile>
    <ClCompile Include="Texture.cpp">
      <Filter>Source\Bindable</Filter>
    </ClCompile>
    <ClCompile Include="Sampler.cpp">
      <Filter>Source\Bindable</Filter>
    </ClCompile>
    <ClCompile Include="ImGui\imgui.cpp">
      <Filter>ThirdParty\ImGui</Filter>
    </ClCompile>
    <ClCompile Include="ImGui\imgui_demo.cpp">
      <Filter>ThirdParty\ImGui</Filter>
    </ClCompile>
    <ClCompile Include="ImGui\imgui_draw.cpp">
      <Filter>ThirdParty\ImGui</Filter>
    </ClCompile>
    <ClCompile Include="ImGui\imgui_impl_dx11.cpp">
      <Filter>ThirdParty\ImGui</Filter>
    </ClCompile>
    <ClCompile Include="ImGui\imgui_impl_win32.cpp">
      <Filter>ThirdParty\ImGui</Filter>
    </ClCompile>
    <ClCompile Include="ImGui\imgui_tables.cpp">
      <Filter>ThirdParty\ImGui</Filter>
    </ClCompile>
    <ClCompile Include="ImGui\imgui_widgets.cpp">
      <Filter>ThirdParty\ImGui</Filter>
    </ClCompile>
    <ClCompile Include="ImGuiManager.cpp">
      <Filter>Source</Filter>
    </ClCompile>
    <ClCompile Include="Camera.cpp">
      <Filter>Source</Filter>
    </ClCompile>
    <ClCompile Include="PointLight.cpp">
      <Filter>Source</Filter>
    </ClCompile>
    <ClCompile Include="SphereSolidWhite.cpp">
      <Filter>Source\Drawable</Filter>
    </ClCompile>
    <ClCompile Include="Mouse.cpp">
      <Filter>Source</Filter>
    </ClCompile>
    <ClCompile Include="Keyboard.cpp">
      <Filter>Source</Filter>
    </ClCompile>
    <ClCompile Include="Material.cpp">
      <Filter>Source</Filter>
    </ClCompile>
    <ClCompile Include="Loguru\loguru.cpp">
      <Filter>ThirdParty\Loguru</Filter>
    </ClCompile>
    <ClCompile Include="LoguruManager.cpp">
      <Filter>Source</Filter>
    </ClCompile>
    <ClCompile Include="Mesh.cpp">
      <Filter>Source\Drawable</Filter>
    </ClCompile>
    <ClCompile Include="ImGuiLog.cpp">
      <Filter>Source</Filter>
    </ClCompile>
    <ClCompile Include="DynamicCB.cpp">
      <Filter>Source</Filter>
    </ClCompile>
    <ClCompile Include="Stencil.cpp">
      <Filter>Source\Bindable</Filter>
    </ClCompile>
    <ClCompile Include="Technique.cpp">
      <Filter>Source\RenderQueue</Filter>
    </ClCompile>
    <ClCompile Include="Job.cpp">
      <Filter>Source\RenderQueue</Filter>
    </ClCompile>
    <ClCompile Include="Pass.cpp">
      <Filter>Source\RenderQueue</Filter>
    </ClCompile>
    <ClCompile Include="Step.cpp">
      <Filter>Source\RenderQueue</Filter>
    </ClCompile>
    <ClCompile Include="NullPixelShader.cpp">
      <Filter>Source\Bindable</Filter>
    </ClCompile>
    <ClCompile Include="ConstantBufferEx.cpp">
      <Filter>Source\Bindable</Filter>
    </ClCompile>
    <ClCompile Include="Model.cpp">
      <Filter>Source</Filter>
    </ClCompile>
    <ClCompile Include="Vertex.cpp">
      <Filter>Source</Filter>
    </ClCompile>
  </ItemGroup>
  <ItemGroup>
    <ClInclude Include="Game.h">
      <Filter>Headers</Filter>
    </ClInclude>
    <ClInclude Include="Graphics.h">
      <Filter>Headers</Filter>
    </ClInclude>
    <ClInclude Include="Window.h">
      <Filter>Headers</Filter>
    </ClInclude>
    <ClInclude Include="Bindable.h">
      <Filter>Headers\Bindable</Filter>
    </ClInclude>
    <ClInclude Include="BindableBaseIncludes.h">
      <Filter>Headers\Bindable</Filter>
    </ClInclude>
    <ClInclude Include="ConstantBuffers.h">
      <Filter>Headers\Bindable</Filter>
    </ClInclude>
    <ClInclude Include="IndexBuffer.h">
      <Filter>Headers\Bindable</Filter>
    </ClInclude>
    <ClInclude Include="InputLayout.h">
      <Filter>Headers\Bindable</Filter>
    </ClInclude>
    <ClInclude Include="PixelShader.h">
      <Filter>Headers\Bindable</Filter>
    </ClInclude>
    <ClInclude Include="Topology.h">
      <Filter>Headers\Bindable</Filter>
    </ClInclude>
    <ClInclude Include="VertexBuffer.h">
      <Filter>Headers\Bindable</Filter>
    </ClInclude>
    <ClInclude Include="VertexShader.h">
      <Filter>Headers\Bindable</Filter>
    </ClInclude>
    <ClInclude Include="Drawable.h">
      <Filter>Headers\Drawable</Filter>
    </ClInclude>
    <ClInclude Include="TransformationConstBuffer.h">
      <Filter>Headers\Bindable</Filter>
    </ClInclude>
    <ClInclude Include="Cube.h">
      <Filter>Headers\Drawable</Filter>
    </ClInclude>
    <ClInclude Include="CubePrimitive.h">
      <Filter>Headers\GeometricPrim</Filter>
    </ClInclude>
    <ClInclude Include="PlanePrimitive.h">
      <Filter>Headers\GeometricPrim</Filter>
    </ClInclude>
    <ClInclude Include="Texture.h">
      <Filter>Headers\Bindable</Filter>
    </ClInclude>
    <ClInclude Include="Sampler.h">
      <Filter>Headers\Bindable</Filter>
    </ClInclude>
    <ClInclude Include="ImGui\imconfig.h">
      <Filter>ThirdParty\ImGui</Filter>
    </ClInclude>
    <ClInclude Include="ImGui\imgui.h">
      <Filter>ThirdParty\ImGui</Filter>
    </ClInclude>
    <ClInclude Include="ImGui\imgui_impl_dx11.h">
      <Filter>ThirdParty\ImGui</Filter>
    </ClInclude>
    <ClInclude Include="ImGui\imgui_impl_win32.h">
      <Filter>ThirdParty\ImGui</Filter>
    </ClInclude>
    <ClInclude Include="ImGui\imgui_internal.h">
      <Filter>ThirdParty\ImGui</Filter>
    </ClInclude>
    <ClInclude Include="ImGui\imstb_rectpack.h">
      <Filter>ThirdParty\ImGui</Filter>
    </ClInclude>
    <ClInclude Include="ImGui\imstb_textedit.h">
      <Filter>ThirdParty\ImGui</Filter>
    </ClInclude>
    <ClInclude Include="ImGui\imstb_truetype.h">
      <Filter>ThirdParty\ImGui</Filter>
    </ClInclude>
    <ClInclude Include="Camera.h">
      <Filter>Headers</Filter>
    </ClInclude>
    <ClInclude Include="SpherePrimitive.h">
      <Filter>Headers\GeometricPrim</Filter>
    </ClInclude>
    <ClInclude Include="SphereSolidWhite.h">
      <Filter>Headers\Drawable</Filter>
    </ClInclude>
    <ClInclude Include="PointLight.h">
      <Filter>Headers</Filter>
    </ClInclude>
    <ClInclude Include="Vertex.h">
      <Filter>Headers</Filter>
    </ClInclude>
    <ClInclude Include="IndexedTriangleList.h">
      <Filter>Headers\GeometricPrim</Filter>
    </ClInclude>
    <ClInclude Include="Mouse.h">
      <Filter>Headers</Filter>
    </ClInclude>
    <ClInclude Include="Keyboard.h">
      <Filter>Headers</Filter>
    </ClInclude>
    <ClInclude Include="Material.h">
      <Filter>Headers</Filter>
    </ClInclude>
    <ClInclude Include="BaseException.h">
      <Filter>Headers\Util</Filter>
    </ClInclude>
    <ClInclude Include="Colors.h">
      <Filter>Headers\Util</Filter>
    </ClInclude>
    <ClInclude Include="FrameTimer.h">
      <Filter>Headers\Util</Filter>
    </ClInclude>
    <ClInclude Include="Globals.h">
      <Filter>Headers\Util</Filter>
    </ClInclude>
    <ClInclude Include="ImGuiManager.h">
      <Filter>Headers\Util</Filter>
    </ClInclude>
    <ClInclude Include="Macros.h">
      <Filter>Headers\Util</Filter>
    </ClInclude>
    <ClInclude Include="MathUtil.h">
      <Filter>Headers\Util</Filter>
    </ClInclude>
    <ClInclude Include="NumberFactory.h">
      <Filter>Headers\Util</Filter>
    </ClInclude>
    <ClInclude Include="resource.h">
      <Filter>Headers\Util</Filter>
    </ClInclude>
    <ClInclude Include="Win.h">
      <Filter>Headers\Util</Filter>
    </ClInclude>
    <ClInclude Include="BindableCodex.h">
      <Filter>Headers\Bindable</Filter>
    </ClInclude>
    <ClInclude Include="GeneralUtilities.h">
      <Filter>Headers\Util</Filter>
    </ClInclude>
    <ClInclude Include="Loguru\loguru.hpp">
      <Filter>ThirdParty\Loguru</Filter>
    </ClInclude>
    <ClInclude Include="ImGuiLog.h">
      <Filter>Headers\Util</Filter>
    </ClInclude>
    <ClInclude Include="LoguruManager.h">
      <Filter>Headers\Util</Filter>
    </ClInclude>
    <ClInclude Include="Mesh.h">
      <Filter>Headers\Drawable</Filter>
    </ClInclude>
    <ClInclude Include="DynamicCB.h">
      <Filter>Headers</Filter>
    </ClInclude>
    <ClInclude Include="ConstantBufferEx.h">
      <Filter>Headers\Bindable</Filter>
    </ClInclude>
    <ClInclude Include="Stencil.h">
      <Filter>Headers\Bindable</Filter>
    </ClInclude>
    <ClInclude Include="Technique.h">
      <Filter>Headers\RenderQueue</Filter>
    </ClInclude>
    <ClInclude Include="Step.h">
      <Filter>Headers\RenderQueue</Filter>
    </ClInclude>
    <ClInclude Include="FrameCommander.h">
      <Filter>Headers\RenderQueue</Filter>
    </ClInclude>
    <ClInclude Include="Job.h">
      <Filter>Headers\RenderQueue</Filter>
    </ClInclude>
    <ClInclude Include="Pass.h">
      <Filter>Headers\RenderQueue</Filter>
    </ClInclude>
    <ClInclude Include="NullPixelShader.h">
      <Filter>Headers\Bindable</Filter>
    </ClInclude>
    <ClInclude Include="TechniqueProbe.h">
      <Filter>Headers\RenderQueue</Filter>
    </ClInclude>
    <ClInclude Include="log.h">
      <Filter>Headers\Util</Filter>
    </ClInclude>
    <ClInclude Include="Model.h">
      <Filter>Headers</Filter>
    </ClInclude>
  </ItemGroup>
  <ItemGroup>
    <Filter Include="Headers">
      <UniqueIdentifier>{ef897d93-a0b1-4e97-aa71-b949924b3049}</UniqueIdentifier>
    </Filter>
    <Filter Include="Source">
      <UniqueIdentifier>{0b6398ca-74c1-45df-bc5e-c8d6b90fc3a1}</UniqueIdentifier>
    </Filter>
    <Filter Include="Resource">
      <UniqueIdentifier>{8b3468a0-0091-4a66-8070-a47cd872a9aa}</UniqueIdentifier>
    </Filter>
    <Filter Include="Shaders">
      <UniqueIdentifier>{3a1ce41e-d50c-4d3b-a389-0f692ddeb1c9}</UniqueIdentifier>
    </Filter>
    <Filter Include="Headers\Bindable">
      <UniqueIdentifier>{b79a8655-bf47-47d7-a181-e4c5651f20c8}</UniqueIdentifier>
    </Filter>
    <Filter Include="Headers\Drawable">
      <UniqueIdentifier>{5711c4c3-baf3-4968-b22e-ac3e46b49b7c}</UniqueIdentifier>
    </Filter>
    <Filter Include="Source\Bindable">
      <UniqueIdentifier>{5836c1f9-8173-4ee4-8b2d-66d48f786d9c}</UniqueIdentifier>
    </Filter>
    <Filter Include="Source\Drawable">
      <UniqueIdentifier>{1a5814f7-8082-4dc9-b414-a0d6aaec62a3}</UniqueIdentifier>
    </Filter>
    <Filter Include="Headers\GeometricPrim">
      <UniqueIdentifier>{b079c664-8863-4ac6-b0c6-5bd06b11d146}</UniqueIdentifier>
    </Filter>
    <Filter Include="ThirdParty">
      <UniqueIdentifier>{407a6ee3-816e-44a3-bd1e-c9d8c0e0993c}</UniqueIdentifier>
    </Filter>
    <Filter Include="ThirdParty\ImGui">
      <UniqueIdentifier>{032d3e31-aff2-4584-b7cb-d019548bcd81}</UniqueIdentifier>
    </Filter>
    <Filter Include="Headers\Util">
      <UniqueIdentifier>{a05da654-f7e6-47af-98d6-171c0dcc218a}</UniqueIdentifier>
    </Filter>
    <Filter Include="ThirdParty\Loguru">
      <UniqueIdentifier>{88bd9adf-4036-43b2-aa93-61805bae1707}</UniqueIdentifier>
    </Filter>
    <Filter Include="Headers\RenderQueue">
      <UniqueIdentifier>{f7449506-043c-432e-910e-0ecad08d6d0d}</UniqueIdentifier>
    </Filter>
    <Filter Include="Source\RenderQueue">
      <UniqueIdentifier>{c0e433de-5291-4847-8d01-9c5602bbf1b7}</UniqueIdentifier>
    </Filter>
  </ItemGroup>
  <ItemGroup>
    <Image Include="icon1.ico">
      <Filter>Resource</Filter>
    </Image>
  </ItemGroup>
  <ItemGroup>
    <ResourceCompile Include="DirectX11 Game Engine.rc">
      <Filter>Resource</Filter>
    </ResourceCompile>
  </ItemGroup>
  <ItemGroup>
    <None Include="Operations.hlsli">
      <Filter>Shaders</Filter>
    </None>
  </ItemGroup>
</Project>