<?xml version="1.0" encoding="utf-8"?>
<Project ToolsVersion="4.0" xmlns="http://schemas.microsoft.com/developer/msbuild/2003">
  <ItemGroup>
    <ClCompile Include="Src\Core\BaseException.cpp" />
    <ClCompile Include="Src\Graphics\Camera.cpp" />
    <ClCompile Include="Src\Binds\ConstantBufferEx.cpp" />
    <ClCompile Include="Src\Drawable\Cube.cpp" />
    <ClCompile Include="Src\Drawable\Drawable.cpp" />
    <ClCompile Include="Src\Graphics\DynamicCB.cpp" />
    <ClCompile Include="Src\Util\FrameTimer.cpp" />
    <ClCompile Include="Src\Game.cpp" />
    <ClCompile Include="Src\Graphics\Graphics.cpp" />
    <ClCompile Include="Src\Util\ImGuiLog.cpp" />
    <ClCompile Include="Src\Includers\ImGuiManager.cpp" />
    <ClCompile Include="Src\Binds\IndexBuffer.cpp" />
    <ClCompile Include="Src\Binds\InputLayout.cpp" />
    <ClCompile Include="Src\Graphics\Job.cpp" />
    <ClCompile Include="Src\Core\Keyboard.cpp" />
    <ClCompile Include="Src\Includers\LoguruManager.cpp" />
    <ClCompile Include="Src\Core\Main.cpp" />
    <ClCompile Include="Src\Graphics\Material.cpp" />
    <ClCompile Include="Src\Drawable\Mesh.cpp" />
    <ClCompile Include="Src\Graphics\Model.cpp" />
    <ClCompile Include="Src\Core\Mouse.cpp" />
    <ClCompile Include="Src\Binds\NullPixelShader.cpp" />
    <ClCompile Include="Src\Binds\PixelShader.cpp" />
    <ClCompile Include="Src\Graphics\PointLight.cpp" />
    <ClCompile Include="Src\Binds\Sampler.cpp" />
    <ClCompile Include="Src\Drawable\SphereSolidWhite.cpp" />
    <ClCompile Include="Src\Binds\Stencil.cpp" />
    <ClCompile Include="Src\Graphics\Step.cpp" />
    <ClCompile Include="Src\Graphics\Technique.cpp" />
    <ClCompile Include="Src\Binds\Texture.cpp" />
    <ClCompile Include="Src\Binds\Topology.cpp" />
    <ClCompile Include="Src\Binds\TransformationConstBuffer.cpp" />
    <ClCompile Include="Src\Geometry\Vertex.cpp" />
    <ClCompile Include="Src\Binds\VertexBuffer.cpp" />
    <ClCompile Include="Src\Binds\VertexShader.cpp" />
    <ClCompile Include="Src\Core\Window.cpp" />
    <ClCompile Include="ThirdParty\ImGui\imgui.cpp" />
    <ClCompile Include="ThirdParty\ImGui\imgui_demo.cpp" />
    <ClCompile Include="ThirdParty\ImGui\imgui_draw.cpp" />
    <ClCompile Include="ThirdParty\ImGui\imgui_impl_dx11.cpp" />
    <ClCompile Include="ThirdParty\ImGui\imgui_impl_win32.cpp" />
    <ClCompile Include="ThirdParty\ImGui\imgui_tables.cpp" />
    <ClCompile Include="ThirdParty\ImGui\imgui_widgets.cpp" />
    <ClCompile Include="ThirdParty\Loguru\loguru.cpp" />
    <ClCompile Include="Src\Binds\Blender.cpp" />
    <ClCompile Include="Src\Binds\Rasterizer.cpp" />
    <ClCompile Include="Src\Graphics\GraphicsResource.cpp" />
    <ClCompile Include="Src\Binds\DepthStencil.cpp" />
    <ClCompile Include="Src\Binds\RenderTarget.cpp" />
    <ClCompile Include="Src\Graphics\RDG\RenderGraph.cpp" />
    <ClCompile Include="Src\Graphics\RDG\Sink.cpp" />
    <ClCompile Include="Src\Graphics\RDG\Pass.cpp" />
    <ClCompile Include="Src\Graphics\RDG\BindingPass.cpp" />
    <ClCompile Include="Src\Graphics\RDG\RenderQueuePass.cpp" />
    <ClCompile Include="Src\Graphics\RDG\LambertianPass.cpp" />
    <ClCompile Include="Src\Graphics\RDG\OutlineMaskingPass.cpp" />
    <ClCompile Include="Src\Graphics\RDG\OutlineDrawingPass.cpp" />
    <ClCompile Include="Src\Entity\BaseEntity.cpp" />
  </ItemGroup>
  <ItemGroup>
    <ClInclude Include="ThirdParty\ImGui\imconfig.h" />
    <ClInclude Include="ThirdParty\ImGui\imgui.h" />
    <ClInclude Include="ThirdParty\ImGui\imgui_impl_dx11.h" />
    <ClInclude Include="ThirdParty\ImGui\imgui_impl_win32.h" />
    <ClInclude Include="ThirdParty\ImGui\imgui_internal.h" />
    <ClInclude Include="ThirdParty\ImGui\imstb_rectpack.h" />
    <ClInclude Include="ThirdParty\ImGui\imstb_textedit.h" />
    <ClInclude Include="ThirdParty\ImGui\imstb_truetype.h" />
    <ClInclude Include="ThirdParty\Include\BaseException.h" />
    <ClInclude Include="ThirdParty\Loguru\loguru.hpp" />
    <ClInclude Include="Include\BaseException.h" />
    <ClInclude Include="Src\Core\Window.h" />
    <ClInclude Include="Src\Core\BaseException.h" />
    <ClInclude Include="Src\Graphics\Camera.h" />
    <ClInclude Include="Src\Util\Colors.h" />
    <ClInclude Include="Src\Binds\ConstantBufferEx.h" />
    <ClInclude Include="Src\Binds\ConstantBuffers.h" />
    <ClInclude Include="Src\Drawable\Cube.h" />
    <ClInclude Include="Src\Geometry\CubePrimitive.h" />
    <ClInclude Include="Src\Drawable\Drawable.h" />
    <ClInclude Include="Src\Graphics\DynamicCB.h" />
    <ClInclude Include="Src\Graphics\FrameCommander.h" />
    <ClInclude Include="Src\Util\FrameTimer.h" />
    <ClInclude Include="Src\Game.h" />
    <ClInclude Include="Src\Util\GeneralUtilities.h" />
    <ClInclude Include="Src\Includers\Globals.h" />
    <ClInclude Include="Src\Graphics\Graphics.h" />
    <ClInclude Include="Src\Includers\ImGui.h" />
    <ClInclude Include="Src\Util\ImGuiLog.h" />
    <ClInclude Include="Src\Includers\ImGuiManager.h" />
    <ClInclude Include="Src\Binds\IndexBuffer.h" />
    <ClInclude Include="Src\Geometry\IndexedTriangleList.h" />
    <ClInclude Include="Src\Binds\InputLayout.h" />
    <ClInclude Include="Src\Graphics\Job.h" />
    <ClInclude Include="Src\Core\Keyboard.h" />
    <ClInclude Include="Src\Includers\log.h" />
    <ClInclude Include="Src\Includers\LoguruManager.h" />
    <ClInclude Include="Src\Includers\Macros.h" />
    <ClInclude Include="Src\Graphics\Material.h" />
    <ClInclude Include="Src\Util\MathUtil.h" />
    <ClInclude Include="Src\Drawable\Mesh.h" />
    <ClInclude Include="Src\Graphics\Model.h" />
    <ClInclude Include="Src\Core\Mouse.h" />
    <ClInclude Include="Src\Binds\NullPixelShader.h" />
    <ClInclude Include="Src\Util\NumberFactory.h" />
    <ClInclude Include="Src\Binds\PixelShader.h" />
    <ClInclude Include="Src\Geometry\PlanePrimitive.h" />
    <ClInclude Include="Src\Graphics\PointLight.h" />
    <ClInclude Include="Src\Core\resource.h" />
    <ClInclude Include="Src\Binds\Sampler.h" />
    <ClInclude Include="Src\Geometry\SpherePrimitive.h" />
    <ClInclude Include="Src\Drawable\SphereSolidWhite.h" />
    <ClInclude Include="Src\Binds\Stencil.h" />
    <ClInclude Include="Src\Graphics\Step.h" />
    <ClInclude Include="Src\Graphics\Technique.h" />
    <ClInclude Include="Src\Graphics\TechniqueProbe.h" />
    <ClInclude Include="Src\Binds\Texture.h" />
    <ClInclude Include="Src\Binds\Topology.h" />
    <ClInclude Include="Src\Binds\TransformationConstBuffer.h" />
    <ClInclude Include="Src\Geometry\Vertex.h" />
    <ClInclude Include="Src\Binds\VertexBuffer.h" />
    <ClInclude Include="Src\Binds\VertexShader.h" />
    <ClInclude Include="Src\Includers\Win.h" />
    <ClInclude Include="Src\Binds\Bindable.h" />
    <ClInclude Include="Src\Binds\BindableBaseIncludes.h" />
    <ClInclude Include="Src\Binds\BindableCodex.h" />
    <ClInclude Include="Src\Geometry\ModelProbe.h" />
    <ClInclude Include="Src\Binds\Blender.h" />
    <ClInclude Include="Src\Binds\Rasterizer.h" />
    <ClInclude Include="Src\Graphics\RDG\RenderGraph.h" />
    <ClInclude Include="Src\Binds\RenderTarget.h" />
    <ClInclude Include="Src\Graphics\GraphicsResource.h" />
    <ClInclude Include="Src\Binds\DepthStencil.h" />
    <ClInclude Include="Src\Graphics\RDG\Pass.h" />
    <ClInclude Include="Src\Graphics\RDG\LambertianPass.h" />
    <ClInclude Include="Src\Graphics\RDG\GraphResource.h" />
    <ClInclude Include="Src\Graphics\RDG\Sink.h" />
    <ClInclude Include="Src\Graphics\RDG\Source.h" />
    <ClInclude Include="Src\Graphics\BufferResource.h" />
    <ClInclude Include="Src\Graphics\RDG\RenderQueuePass.h" />
    <ClInclude Include="Src\Graphics\RDG\BufferClearingPass.h" />
    <ClInclude Include="Src\Graphics\RDG\TestGraph.h" />
    <ClInclude Include="Src\Graphics\RDG\BindingPass.h" />
    <ClInclude Include="Src\Graphics\RDG\OutlineMaskingPass.h" />
    <ClInclude Include="Src\Graphics\RDG\OutlineDrawingPass.h" />
    <ClInclude Include="Src\Graphics\ModelLoader.h" />
    <ClInclude Include="Src\Entity\BaseEntity.h" />
  </ItemGroup>
  <ItemGroup>
    <Filter Include="Headers">
      <UniqueIdentifier>{ef897d93-a0b1-4e97-aa71-b949924b3049}</UniqueIdentifier>
    </Filter>
    <Filter Include="Source">
      <UniqueIdentifier>{0b6398ca-74c1-45df-bc5e-c8d6b90fc3a1}</UniqueIdentifier>
    </Filter>
    <Filter Include="Resource">
      <UniqueIdentifier>{8b3468a0-0091-4a66-8070-a47cd872a9aa}</UniqueIdentifier>
    </Filter>
    <Filter Include="Shaders">
      <UniqueIdentifier>{3a1ce41e-d50c-4d3b-a389-0f692ddeb1c9}</UniqueIdentifier>
    </Filter>
    <Filter Include="Headers\Bindable">
      <UniqueIdentifier>{b79a8655-bf47-47d7-a181-e4c5651f20c8}</UniqueIdentifier>
    </Filter>
    <Filter Include="Headers\Drawable">
      <UniqueIdentifier>{5711c4c3-baf3-4968-b22e-ac3e46b49b7c}</UniqueIdentifier>
    </Filter>
    <Filter Include="Source\Bindable">
      <UniqueIdentifier>{5836c1f9-8173-4ee4-8b2d-66d48f786d9c}</UniqueIdentifier>
    </Filter>
    <Filter Include="Source\Drawable">
      <UniqueIdentifier>{1a5814f7-8082-4dc9-b414-a0d6aaec62a3}</UniqueIdentifier>
    </Filter>
    <Filter Include="Headers\GeometricPrim">
      <UniqueIdentifier>{b079c664-8863-4ac6-b0c6-5bd06b11d146}</UniqueIdentifier>
    </Filter>
    <Filter Include="ThirdParty">
      <UniqueIdentifier>{407a6ee3-816e-44a3-bd1e-c9d8c0e0993c}</UniqueIdentifier>
    </Filter>
    <Filter Include="ThirdParty\ImGui">
      <UniqueIdentifier>{032d3e31-aff2-4584-b7cb-d019548bcd81}</UniqueIdentifier>
    </Filter>
    <Filter Include="Headers\Util">
      <UniqueIdentifier>{a05da654-f7e6-47af-98d6-171c0dcc218a}</UniqueIdentifier>
    </Filter>
    <Filter Include="ThirdParty\Loguru">
      <UniqueIdentifier>{88bd9adf-4036-43b2-aa93-61805bae1707}</UniqueIdentifier>
    </Filter>
    <Filter Include="Headers\RenderQueue">
      <UniqueIdentifier>{f7449506-043c-432e-910e-0ecad08d6d0d}</UniqueIdentifier>
    </Filter>
    <Filter Include="Source\RenderQueue">
      <UniqueIdentifier>{c0e433de-5291-4847-8d01-9c5602bbf1b7}</UniqueIdentifier>
    </Filter>
  </ItemGroup>
  <ItemGroup>
    <Image Include="icon1.ico">
      <Filter>Resource</Filter>
    </Image>
  </ItemGroup>
  <ItemGroup>
    <ResourceCompile Include="DirectX11 Game Engine.rc">
      <Filter>Resource</Filter>
    </ResourceCompile>
  </ItemGroup>
  <ItemGroup>
    <None Include="Shaders\Operations.hlsli" />
  </ItemGroup>
  <ItemGroup>
    <FxCompile Include="Shaders\phong__PS.hlsl" />
    <FxCompile Include="Shaders\phong__VS.hlsl" />
    <FxCompile Include="Shaders\phong_diff_PS.hlsl" />
    <FxCompile Include="Shaders\phong_diff_VS.hlsl" />
    <FxCompile Include="Shaders\phong_diffnorm_PS.hlsl" />
    <FxCompile Include="Shaders\phong_diffnorm_VS.hlsl" />
    <FxCompile Include="Shaders\PSSolid.hlsl" />
    <FxCompile Include="Shaders\VSTransform.hlsl" />
    <FxCompile Include="Shaders\Fullscreen_VS.hlsl" />
    <FxCompile Include="Shaders\Blur_PS.hlsl" />
  </ItemGroup>
</Project>